
Microsoft Visual Studio Solution File, Format Version 12.00
# Visual Studio 14
VisualStudioVersion = 14.0.25420.1
MinimumVisualStudioVersion = 10.0.40219.1
Project("{FAE04EC0-301F-11D3-BF4B-00C04F79EFBC}") = "MyFamily", "MyFamily\MyFamily\MyFamily.csproj", "{C032DED8-F662-4CC5-AFE7-F8E7BABC2B6D}"
EndProject
Project("{FAE04EC0-301F-11D3-BF4B-00C04F79EFBC}") = "MyFamily.Droid", "MyFamily\MyFamily.Droid\MyFamily.Droid.csproj", "{FCDB119D-7E16-4D80-AD27-F98671F4F7B8}"
EndProject
Project("{FAE04EC0-301F-11D3-BF4B-00C04F79EFBC}") = "MyFamily.iOS", "MyFamily\MyFamily.iOS\MyFamily.iOS.csproj", "{79D233F6-2DE0-484D-8549-DA6716D0AA92}"
EndProject
Project("{FAE04EC0-301F-11D3-BF4B-00C04F79EFBC}") = "MyFamily.WinPhone", "MyFamily\MyFamily.WinPhone\MyFamily.WinPhone.csproj", "{E8B33A90-EBF7-44B2-B8B8-46819C86BF61}"
EndProject
Project("{FAE04EC0-301F-11D3-BF4B-00C04F79EFBC}") = "MyFamily.UWP", "MyFamily\MyFamily.UWP\MyFamily.UWP.csproj", "{F28758CE-3531-4097-AA66-85557429B390}"
EndProject
Project("{FAE04EC0-301F-11D3-BF4B-00C04F79EFBC}") = "MyFamily.Windows", "MyFamily\MyFamily.Windows\MyFamily.Windows.csproj", "{107D9062-9E71-4056-A4ED-92476F228293}"
EndProject
Global
	GlobalSection(SolutionConfigurationPlatforms) = preSolution
		Ad-Hoc|Any CPU = Ad-Hoc|Any CPU
		Ad-Hoc|ARM = Ad-Hoc|ARM
		Ad-Hoc|iPhone = Ad-Hoc|iPhone
		Ad-Hoc|iPhoneSimulator = Ad-Hoc|iPhoneSimulator
		Ad-Hoc|x64 = Ad-Hoc|x64
		Ad-Hoc|x86 = Ad-Hoc|x86
		AppStore|Any CPU = AppStore|Any CPU
		AppStore|ARM = AppStore|ARM
		AppStore|iPhone = AppStore|iPhone
		AppStore|iPhoneSimulator = AppStore|iPhoneSimulator
		AppStore|x64 = AppStore|x64
		AppStore|x86 = AppStore|x86
		Debug|Any CPU = Debug|Any CPU
		Debug|ARM = Debug|ARM
		Debug|iPhone = Debug|iPhone
		Debug|iPhoneSimulator = Debug|iPhoneSimulator
		Debug|x64 = Debug|x64
		Debug|x86 = Debug|x86
		Release|Any CPU = Release|Any CPU
		Release|ARM = Release|ARM
		Release|iPhone = Release|iPhone
		Release|iPhoneSimulator = Release|iPhoneSimulator
		Release|x64 = Release|x64
		Release|x86 = Release|x86
	EndGlobalSection
	GlobalSection(ProjectConfigurationPlatforms) = postSolution
		{C032DED8-F662-4CC5-AFE7-F8E7BABC2B6D}.Ad-Hoc|Any CPU.ActiveCfg = Release|Any CPU
		{C032DED8-F662-4CC5-AFE7-F8E7BABC2B6D}.Ad-Hoc|Any CPU.Build.0 = Release|Any CPU
		{C032DED8-F662-4CC5-AFE7-F8E7BABC2B6D}.Ad-Hoc|ARM.ActiveCfg = Release|Any CPU
		{C032DED8-F662-4CC5-AFE7-F8E7BABC2B6D}.Ad-Hoc|ARM.Build.0 = Release|Any CPU
		{C032DED8-F662-4CC5-AFE7-F8E7BABC2B6D}.Ad-Hoc|iPhone.ActiveCfg = Release|Any CPU
		{C032DED8-F662-4CC5-AFE7-F8E7BABC2B6D}.Ad-Hoc|iPhone.Build.0 = Release|Any CPU
		{C032DED8-F662-4CC5-AFE7-F8E7BABC2B6D}.Ad-Hoc|iPhoneSimulator.ActiveCfg = Release|Any CPU
		{C032DED8-F662-4CC5-AFE7-F8E7BABC2B6D}.Ad-Hoc|iPhoneSimulator.Build.0 = Release|Any CPU
		{C032DED8-F662-4CC5-AFE7-F8E7BABC2B6D}.Ad-Hoc|x64.ActiveCfg = Release|Any CPU
		{C032DED8-F662-4CC5-AFE7-F8E7BABC2B6D}.Ad-Hoc|x64.Build.0 = Release|Any CPU
		{C032DED8-F662-4CC5-AFE7-F8E7BABC2B6D}.Ad-Hoc|x86.ActiveCfg = Release|Any CPU
		{C032DED8-F662-4CC5-AFE7-F8E7BABC2B6D}.Ad-Hoc|x86.Build.0 = Release|Any CPU
		{C032DED8-F662-4CC5-AFE7-F8E7BABC2B6D}.AppStore|Any CPU.ActiveCfg = Release|Any CPU
		{C032DED8-F662-4CC5-AFE7-F8E7BABC2B6D}.AppStore|Any CPU.Build.0 = Release|Any CPU
		{C032DED8-F662-4CC5-AFE7-F8E7BABC2B6D}.AppStore|ARM.ActiveCfg = Release|Any CPU
		{C032DED8-F662-4CC5-AFE7-F8E7BABC2B6D}.AppStore|ARM.Build.0 = Release|Any CPU
		{C032DED8-F662-4CC5-AFE7-F8E7BABC2B6D}.AppStore|iPhone.ActiveCfg = Release|Any CPU
		{C032DED8-F662-4CC5-AFE7-F8E7BABC2B6D}.AppStore|iPhone.Build.0 = Release|Any CPU
		{C032DED8-F662-4CC5-AFE7-F8E7BABC2B6D}.AppStore|iPhoneSimulator.ActiveCfg = Release|Any CPU
		{C032DED8-F662-4CC5-AFE7-F8E7BABC2B6D}.AppStore|iPhoneSimulator.Build.0 = Release|Any CPU
		{C032DED8-F662-4CC5-AFE7-F8E7BABC2B6D}.AppStore|x64.ActiveCfg = Release|Any CPU
		{C032DED8-F662-4CC5-AFE7-F8E7BABC2B6D}.AppStore|x64.Build.0 = Release|Any CPU
		{C032DED8-F662-4CC5-AFE7-F8E7BABC2B6D}.AppStore|x86.ActiveCfg = Release|Any CPU
		{C032DED8-F662-4CC5-AFE7-F8E7BABC2B6D}.AppStore|x86.Build.0 = Release|Any CPU
		{C032DED8-F662-4CC5-AFE7-F8E7BABC2B6D}.Debug|Any CPU.ActiveCfg = Debug|Any CPU
		{C032DED8-F662-4CC5-AFE7-F8E7BABC2B6D}.Debug|Any CPU.Build.0 = Debug|Any CPU
		{C032DED8-F662-4CC5-AFE7-F8E7BABC2B6D}.Debug|ARM.ActiveCfg = Debug|Any CPU
		{C032DED8-F662-4CC5-AFE7-F8E7BABC2B6D}.Debug|ARM.Build.0 = Debug|Any CPU
		{C032DED8-F662-4CC5-AFE7-F8E7BABC2B6D}.Debug|iPhone.ActiveCfg = Debug|Any CPU
		{C032DED8-F662-4CC5-AFE7-F8E7BABC2B6D}.Debug|iPhone.Build.0 = Debug|Any CPU
		{C032DED8-F662-4CC5-AFE7-F8E7BABC2B6D}.Debug|iPhoneSimulator.ActiveCfg = Debug|Any CPU
		{C032DED8-F662-4CC5-AFE7-F8E7BABC2B6D}.Debug|iPhoneSimulator.Build.0 = Debug|Any CPU
		{C032DED8-F662-4CC5-AFE7-F8E7BABC2B6D}.Debug|x64.ActiveCfg = Debug|Any CPU
		{C032DED8-F662-4CC5-AFE7-F8E7BABC2B6D}.Debug|x64.Build.0 = Debug|Any CPU
		{C032DED8-F662-4CC5-AFE7-F8E7BABC2B6D}.Debug|x86.ActiveCfg = Debug|Any CPU
		{C032DED8-F662-4CC5-AFE7-F8E7BABC2B6D}.Debug|x86.Build.0 = Debug|Any CPU
		{C032DED8-F662-4CC5-AFE7-F8E7BABC2B6D}.Release|Any CPU.ActiveCfg = Release|Any CPU
		{C032DED8-F662-4CC5-AFE7-F8E7BABC2B6D}.Release|Any CPU.Build.0 = Release|Any CPU
		{C032DED8-F662-4CC5-AFE7-F8E7BABC2B6D}.Release|ARM.ActiveCfg = Release|Any CPU
		{C032DED8-F662-4CC5-AFE7-F8E7BABC2B6D}.Release|ARM.Build.0 = Release|Any CPU
		{C032DED8-F662-4CC5-AFE7-F8E7BABC2B6D}.Release|iPhone.ActiveCfg = Release|Any CPU
		{C032DED8-F662-4CC5-AFE7-F8E7BABC2B6D}.Release|iPhone.Build.0 = Release|Any CPU
		{C032DED8-F662-4CC5-AFE7-F8E7BABC2B6D}.Release|iPhoneSimulator.ActiveCfg = Release|Any CPU
		{C032DED8-F662-4CC5-AFE7-F8E7BABC2B6D}.Release|iPhoneSimulator.Build.0 = Release|Any CPU
		{C032DED8-F662-4CC5-AFE7-F8E7BABC2B6D}.Release|x64.ActiveCfg = Release|Any CPU
		{C032DED8-F662-4CC5-AFE7-F8E7BABC2B6D}.Release|x64.Build.0 = Release|Any CPU
		{C032DED8-F662-4CC5-AFE7-F8E7BABC2B6D}.Release|x86.ActiveCfg = Release|Any CPU
		{C032DED8-F662-4CC5-AFE7-F8E7BABC2B6D}.Release|x86.Build.0 = Release|Any CPU
		{FCDB119D-7E16-4D80-AD27-F98671F4F7B8}.Ad-Hoc|Any CPU.ActiveCfg = Release|Any CPU
		{FCDB119D-7E16-4D80-AD27-F98671F4F7B8}.Ad-Hoc|Any CPU.Build.0 = Release|Any CPU
		{FCDB119D-7E16-4D80-AD27-F98671F4F7B8}.Ad-Hoc|Any CPU.Deploy.0 = Release|Any CPU
		{FCDB119D-7E16-4D80-AD27-F98671F4F7B8}.Ad-Hoc|ARM.ActiveCfg = Release|Any CPU
		{FCDB119D-7E16-4D80-AD27-F98671F4F7B8}.Ad-Hoc|ARM.Build.0 = Release|Any CPU
		{FCDB119D-7E16-4D80-AD27-F98671F4F7B8}.Ad-Hoc|ARM.Deploy.0 = Release|Any CPU
		{FCDB119D-7E16-4D80-AD27-F98671F4F7B8}.Ad-Hoc|iPhone.ActiveCfg = Release|Any CPU
		{FCDB119D-7E16-4D80-AD27-F98671F4F7B8}.Ad-Hoc|iPhone.Build.0 = Release|Any CPU
		{FCDB119D-7E16-4D80-AD27-F98671F4F7B8}.Ad-Hoc|iPhone.Deploy.0 = Release|Any CPU
		{FCDB119D-7E16-4D80-AD27-F98671F4F7B8}.Ad-Hoc|iPhoneSimulator.ActiveCfg = Release|Any CPU
		{FCDB119D-7E16-4D80-AD27-F98671F4F7B8}.Ad-Hoc|iPhoneSimulator.Build.0 = Release|Any CPU
		{FCDB119D-7E16-4D80-AD27-F98671F4F7B8}.Ad-Hoc|iPhoneSimulator.Deploy.0 = Release|Any CPU
		{FCDB119D-7E16-4D80-AD27-F98671F4F7B8}.Ad-Hoc|x64.ActiveCfg = Release|Any CPU
		{FCDB119D-7E16-4D80-AD27-F98671F4F7B8}.Ad-Hoc|x64.Build.0 = Release|Any CPU
		{FCDB119D-7E16-4D80-AD27-F98671F4F7B8}.Ad-Hoc|x64.Deploy.0 = Release|Any CPU
		{FCDB119D-7E16-4D80-AD27-F98671F4F7B8}.Ad-Hoc|x86.ActiveCfg = Release|Any CPU
		{FCDB119D-7E16-4D80-AD27-F98671F4F7B8}.Ad-Hoc|x86.Build.0 = Release|Any CPU
		{FCDB119D-7E16-4D80-AD27-F98671F4F7B8}.Ad-Hoc|x86.Deploy.0 = Release|Any CPU
		{FCDB119D-7E16-4D80-AD27-F98671F4F7B8}.AppStore|Any CPU.ActiveCfg = Release|Any CPU
		{FCDB119D-7E16-4D80-AD27-F98671F4F7B8}.AppStore|Any CPU.Build.0 = Release|Any CPU
		{FCDB119D-7E16-4D80-AD27-F98671F4F7B8}.AppStore|Any CPU.Deploy.0 = Release|Any CPU
		{FCDB119D-7E16-4D80-AD27-F98671F4F7B8}.AppStore|ARM.ActiveCfg = Release|Any CPU
		{FCDB119D-7E16-4D80-AD27-F98671F4F7B8}.AppStore|ARM.Build.0 = Release|Any CPU
		{FCDB119D-7E16-4D80-AD27-F98671F4F7B8}.AppStore|ARM.Deploy.0 = Release|Any CPU
		{FCDB119D-7E16-4D80-AD27-F98671F4F7B8}.AppStore|iPhone.ActiveCfg = Release|Any CPU
		{FCDB119D-7E16-4D80-AD27-F98671F4F7B8}.AppStore|iPhone.Build.0 = Release|Any CPU
		{FCDB119D-7E16-4D80-AD27-F98671F4F7B8}.AppStore|iPhone.Deploy.0 = Release|Any CPU
		{FCDB119D-7E16-4D80-AD27-F98671F4F7B8}.AppStore|iPhoneSimulator.ActiveCfg = Release|Any CPU
		{FCDB119D-7E16-4D80-AD27-F98671F4F7B8}.AppStore|iPhoneSimulator.Build.0 = Release|Any CPU
		{FCDB119D-7E16-4D80-AD27-F98671F4F7B8}.AppStore|iPhoneSimulator.Deploy.0 = Release|Any CPU
		{FCDB119D-7E16-4D80-AD27-F98671F4F7B8}.AppStore|x64.ActiveCfg = Release|Any CPU
		{FCDB119D-7E16-4D80-AD27-F98671F4F7B8}.AppStore|x64.Build.0 = Release|Any CPU
		{FCDB119D-7E16-4D80-AD27-F98671F4F7B8}.AppStore|x64.Deploy.0 = Release|Any CPU
		{FCDB119D-7E16-4D80-AD27-F98671F4F7B8}.AppStore|x86.ActiveCfg = Release|Any CPU
		{FCDB119D-7E16-4D80-AD27-F98671F4F7B8}.AppStore|x86.Build.0 = Release|Any CPU
		{FCDB119D-7E16-4D80-AD27-F98671F4F7B8}.AppStore|x86.Deploy.0 = Release|Any CPU
		{FCDB119D-7E16-4D80-AD27-F98671F4F7B8}.Debug|Any CPU.ActiveCfg = Debug|Any CPU
		{FCDB119D-7E16-4D80-AD27-F98671F4F7B8}.Debug|Any CPU.Build.0 = Debug|Any CPU
		{FCDB119D-7E16-4D80-AD27-F98671F4F7B8}.Debug|Any CPU.Deploy.0 = Debug|Any CPU
		{FCDB119D-7E16-4D80-AD27-F98671F4F7B8}.Debug|ARM.ActiveCfg = Debug|Any CPU
		{FCDB119D-7E16-4D80-AD27-F98671F4F7B8}.Debug|ARM.Build.0 = Debug|Any CPU
		{FCDB119D-7E16-4D80-AD27-F98671F4F7B8}.Debug|ARM.Deploy.0 = Debug|Any CPU
		{FCDB119D-7E16-4D80-AD27-F98671F4F7B8}.Debug|iPhone.ActiveCfg = Debug|Any CPU
		{FCDB119D-7E16-4D80-AD27-F98671F4F7B8}.Debug|iPhone.Build.0 = Debug|Any CPU
		{FCDB119D-7E16-4D80-AD27-F98671F4F7B8}.Debug|iPhone.Deploy.0 = Debug|Any CPU
		{FCDB119D-7E16-4D80-AD27-F98671F4F7B8}.Debug|iPhoneSimulator.ActiveCfg = Debug|Any CPU
		{FCDB119D-7E16-4D80-AD27-F98671F4F7B8}.Debug|iPhoneSimulator.Build.0 = Debug|Any CPU
		{FCDB119D-7E16-4D80-AD27-F98671F4F7B8}.Debug|iPhoneSimulator.Deploy.0 = Debug|Any CPU
		{FCDB119D-7E16-4D80-AD27-F98671F4F7B8}.Debug|x64.ActiveCfg = Debug|Any CPU
		{FCDB119D-7E16-4D80-AD27-F98671F4F7B8}.Debug|x64.Build.0 = Debug|Any CPU
		{FCDB119D-7E16-4D80-AD27-F98671F4F7B8}.Debug|x64.Deploy.0 = Debug|Any CPU
		{FCDB119D-7E16-4D80-AD27-F98671F4F7B8}.Debug|x86.ActiveCfg = Debug|Any CPU
		{FCDB119D-7E16-4D80-AD27-F98671F4F7B8}.Debug|x86.Build.0 = Debug|Any CPU
		{FCDB119D-7E16-4D80-AD27-F98671F4F7B8}.Debug|x86.Deploy.0 = Debug|Any CPU
		{FCDB119D-7E16-4D80-AD27-F98671F4F7B8}.Release|Any CPU.ActiveCfg = Release|Any CPU
		{FCDB119D-7E16-4D80-AD27-F98671F4F7B8}.Release|Any CPU.Build.0 = Release|Any CPU
		{FCDB119D-7E16-4D80-AD27-F98671F4F7B8}.Release|Any CPU.Deploy.0 = Release|Any CPU
		{FCDB119D-7E16-4D80-AD27-F98671F4F7B8}.Release|ARM.ActiveCfg = Release|Any CPU
		{FCDB119D-7E16-4D80-AD27-F98671F4F7B8}.Release|ARM.Build.0 = Release|Any CPU
		{FCDB119D-7E16-4D80-AD27-F98671F4F7B8}.Release|ARM.Deploy.0 = Release|Any CPU
		{FCDB119D-7E16-4D80-AD27-F98671F4F7B8}.Release|iPhone.ActiveCfg = Release|Any CPU
		{FCDB119D-7E16-4D80-AD27-F98671F4F7B8}.Release|iPhone.Build.0 = Release|Any CPU
		{FCDB119D-7E16-4D80-AD27-F98671F4F7B8}.Release|iPhone.Deploy.0 = Release|Any CPU
		{FCDB119D-7E16-4D80-AD27-F98671F4F7B8}.Release|iPhoneSimulator.ActiveCfg = Release|Any CPU
		{FCDB119D-7E16-4D80-AD27-F98671F4F7B8}.Release|iPhoneSimulator.Build.0 = Release|Any CPU
		{FCDB119D-7E16-4D80-AD27-F98671F4F7B8}.Release|iPhoneSimulator.Deploy.0 = Release|Any CPU
		{FCDB119D-7E16-4D80-AD27-F98671F4F7B8}.Release|x64.ActiveCfg = Release|Any CPU
		{FCDB119D-7E16-4D80-AD27-F98671F4F7B8}.Release|x64.Build.0 = Release|Any CPU
		{FCDB119D-7E16-4D80-AD27-F98671F4F7B8}.Release|x64.Deploy.0 = Release|Any CPU
		{FCDB119D-7E16-4D80-AD27-F98671F4F7B8}.Release|x86.ActiveCfg = Release|Any CPU
		{FCDB119D-7E16-4D80-AD27-F98671F4F7B8}.Release|x86.Build.0 = Release|Any CPU
		{FCDB119D-7E16-4D80-AD27-F98671F4F7B8}.Release|x86.Deploy.0 = Release|Any CPU
		{79D233F6-2DE0-484D-8549-DA6716D0AA92}.Ad-Hoc|Any CPU.ActiveCfg = Ad-Hoc|iPhone
		{79D233F6-2DE0-484D-8549-DA6716D0AA92}.Ad-Hoc|ARM.ActiveCfg = Ad-Hoc|iPhone
		{79D233F6-2DE0-484D-8549-DA6716D0AA92}.Ad-Hoc|iPhone.ActiveCfg = Ad-Hoc|iPhone
		{79D233F6-2DE0-484D-8549-DA6716D0AA92}.Ad-Hoc|iPhone.Build.0 = Ad-Hoc|iPhone
		{79D233F6-2DE0-484D-8549-DA6716D0AA92}.Ad-Hoc|iPhoneSimulator.ActiveCfg = Ad-Hoc|iPhoneSimulator
		{79D233F6-2DE0-484D-8549-DA6716D0AA92}.Ad-Hoc|iPhoneSimulator.Build.0 = Ad-Hoc|iPhoneSimulator
		{79D233F6-2DE0-484D-8549-DA6716D0AA92}.Ad-Hoc|x64.ActiveCfg = Ad-Hoc|iPhone
		{79D233F6-2DE0-484D-8549-DA6716D0AA92}.Ad-Hoc|x86.ActiveCfg = Ad-Hoc|iPhone
		{79D233F6-2DE0-484D-8549-DA6716D0AA92}.AppStore|Any CPU.ActiveCfg = AppStore|iPhone
		{79D233F6-2DE0-484D-8549-DA6716D0AA92}.AppStore|ARM.ActiveCfg = AppStore|iPhone
		{79D233F6-2DE0-484D-8549-DA6716D0AA92}.AppStore|iPhone.ActiveCfg = AppStore|iPhone
		{79D233F6-2DE0-484D-8549-DA6716D0AA92}.AppStore|iPhone.Build.0 = AppStore|iPhone
		{79D233F6-2DE0-484D-8549-DA6716D0AA92}.AppStore|iPhoneSimulator.ActiveCfg = AppStore|iPhoneSimulator
		{79D233F6-2DE0-484D-8549-DA6716D0AA92}.AppStore|iPhoneSimulator.Build.0 = AppStore|iPhoneSimulator
		{79D233F6-2DE0-484D-8549-DA6716D0AA92}.AppStore|x64.ActiveCfg = AppStore|iPhone
		{79D233F6-2DE0-484D-8549-DA6716D0AA92}.AppStore|x86.ActiveCfg = AppStore|iPhone
		{79D233F6-2DE0-484D-8549-DA6716D0AA92}.Debug|Any CPU.ActiveCfg = Debug|iPhone
		{79D233F6-2DE0-484D-8549-DA6716D0AA92}.Debug|ARM.ActiveCfg = Debug|iPhone
		{79D233F6-2DE0-484D-8549-DA6716D0AA92}.Debug|iPhone.ActiveCfg = Debug|iPhone
		{79D233F6-2DE0-484D-8549-DA6716D0AA92}.Debug|iPhone.Build.0 = Debug|iPhone
		{79D233F6-2DE0-484D-8549-DA6716D0AA92}.Debug|iPhoneSimulator.ActiveCfg = Debug|iPhoneSimulator
		{79D233F6-2DE0-484D-8549-DA6716D0AA92}.Debug|iPhoneSimulator.Build.0 = Debug|iPhoneSimulator
		{79D233F6-2DE0-484D-8549-DA6716D0AA92}.Debug|x64.ActiveCfg = Debug|iPhone
		{79D233F6-2DE0-484D-8549-DA6716D0AA92}.Debug|x86.ActiveCfg = Debug|iPhone
		{79D233F6-2DE0-484D-8549-DA6716D0AA92}.Release|Any CPU.ActiveCfg = Release|iPhone
		{79D233F6-2DE0-484D-8549-DA6716D0AA92}.Release|ARM.ActiveCfg = Release|iPhone
		{79D233F6-2DE0-484D-8549-DA6716D0AA92}.Release|iPhone.ActiveCfg = Release|iPhone
		{79D233F6-2DE0-484D-8549-DA6716D0AA92}.Release|iPhone.Build.0 = Release|iPhone
		{79D233F6-2DE0-484D-8549-DA6716D0AA92}.Release|iPhoneSimulator.ActiveCfg = Release|iPhoneSimulator
		{79D233F6-2DE0-484D-8549-DA6716D0AA92}.Release|iPhoneSimulator.Build.0 = Release|iPhoneSimulator
		{79D233F6-2DE0-484D-8549-DA6716D0AA92}.Release|x64.ActiveCfg = Release|iPhone
		{79D233F6-2DE0-484D-8549-DA6716D0AA92}.Release|x86.ActiveCfg = Release|iPhone
		{E8B33A90-EBF7-44B2-B8B8-46819C86BF61}.Ad-Hoc|Any CPU.ActiveCfg = Release|Any CPU
		{E8B33A90-EBF7-44B2-B8B8-46819C86BF61}.Ad-Hoc|Any CPU.Build.0 = Release|Any CPU
		{E8B33A90-EBF7-44B2-B8B8-46819C86BF61}.Ad-Hoc|Any CPU.Deploy.0 = Release|Any CPU
		{E8B33A90-EBF7-44B2-B8B8-46819C86BF61}.Ad-Hoc|ARM.ActiveCfg = Release|ARM
		{E8B33A90-EBF7-44B2-B8B8-46819C86BF61}.Ad-Hoc|ARM.Build.0 = Release|ARM
		{E8B33A90-EBF7-44B2-B8B8-46819C86BF61}.Ad-Hoc|ARM.Deploy.0 = Release|ARM
		{E8B33A90-EBF7-44B2-B8B8-46819C86BF61}.Ad-Hoc|iPhone.ActiveCfg = Release|Any CPU
		{E8B33A90-EBF7-44B2-B8B8-46819C86BF61}.Ad-Hoc|iPhone.Build.0 = Release|Any CPU
		{E8B33A90-EBF7-44B2-B8B8-46819C86BF61}.Ad-Hoc|iPhone.Deploy.0 = Release|Any CPU
		{E8B33A90-EBF7-44B2-B8B8-46819C86BF61}.Ad-Hoc|iPhoneSimulator.ActiveCfg = Release|Any CPU
		{E8B33A90-EBF7-44B2-B8B8-46819C86BF61}.Ad-Hoc|iPhoneSimulator.Build.0 = Release|Any CPU
		{E8B33A90-EBF7-44B2-B8B8-46819C86BF61}.Ad-Hoc|iPhoneSimulator.Deploy.0 = Release|Any CPU
		{E8B33A90-EBF7-44B2-B8B8-46819C86BF61}.Ad-Hoc|x64.ActiveCfg = Release|Any CPU
		{E8B33A90-EBF7-44B2-B8B8-46819C86BF61}.Ad-Hoc|x64.Build.0 = Release|Any CPU
		{E8B33A90-EBF7-44B2-B8B8-46819C86BF61}.Ad-Hoc|x64.Deploy.0 = Release|Any CPU
		{E8B33A90-EBF7-44B2-B8B8-46819C86BF61}.Ad-Hoc|x86.ActiveCfg = Release|x86
		{E8B33A90-EBF7-44B2-B8B8-46819C86BF61}.Ad-Hoc|x86.Build.0 = Release|x86
		{E8B33A90-EBF7-44B2-B8B8-46819C86BF61}.Ad-Hoc|x86.Deploy.0 = Release|x86
		{E8B33A90-EBF7-44B2-B8B8-46819C86BF61}.AppStore|Any CPU.ActiveCfg = Release|Any CPU
		{E8B33A90-EBF7-44B2-B8B8-46819C86BF61}.AppStore|Any CPU.Build.0 = Release|Any CPU
		{E8B33A90-EBF7-44B2-B8B8-46819C86BF61}.AppStore|Any CPU.Deploy.0 = Release|Any CPU
		{E8B33A90-EBF7-44B2-B8B8-46819C86BF61}.AppStore|ARM.ActiveCfg = Release|ARM
		{E8B33A90-EBF7-44B2-B8B8-46819C86BF61}.AppStore|ARM.Build.0 = Release|ARM
		{E8B33A90-EBF7-44B2-B8B8-46819C86BF61}.AppStore|ARM.Deploy.0 = Release|ARM
		{E8B33A90-EBF7-44B2-B8B8-46819C86BF61}.AppStore|iPhone.ActiveCfg = Release|Any CPU
		{E8B33A90-EBF7-44B2-B8B8-46819C86BF61}.AppStore|iPhone.Build.0 = Release|Any CPU
		{E8B33A90-EBF7-44B2-B8B8-46819C86BF61}.AppStore|iPhone.Deploy.0 = Release|Any CPU
		{E8B33A90-EBF7-44B2-B8B8-46819C86BF61}.AppStore|iPhoneSimulator.ActiveCfg = Release|Any CPU
		{E8B33A90-EBF7-44B2-B8B8-46819C86BF61}.AppStore|iPhoneSimulator.Build.0 = Release|Any CPU
		{E8B33A90-EBF7-44B2-B8B8-46819C86BF61}.AppStore|iPhoneSimulator.Deploy.0 = Release|Any CPU
		{E8B33A90-EBF7-44B2-B8B8-46819C86BF61}.AppStore|x64.ActiveCfg = Release|Any CPU
		{E8B33A90-EBF7-44B2-B8B8-46819C86BF61}.AppStore|x64.Build.0 = Release|Any CPU
		{E8B33A90-EBF7-44B2-B8B8-46819C86BF61}.AppStore|x64.Deploy.0 = Release|Any CPU
		{E8B33A90-EBF7-44B2-B8B8-46819C86BF61}.AppStore|x86.ActiveCfg = Release|x86
		{E8B33A90-EBF7-44B2-B8B8-46819C86BF61}.AppStore|x86.Build.0 = Release|x86
		{E8B33A90-EBF7-44B2-B8B8-46819C86BF61}.AppStore|x86.Deploy.0 = Release|x86
		{E8B33A90-EBF7-44B2-B8B8-46819C86BF61}.Debug|Any CPU.ActiveCfg = Debug|Any CPU
		{E8B33A90-EBF7-44B2-B8B8-46819C86BF61}.Debug|Any CPU.Build.0 = Debug|Any CPU
		{E8B33A90-EBF7-44B2-B8B8-46819C86BF61}.Debug|Any CPU.Deploy.0 = Debug|Any CPU
		{E8B33A90-EBF7-44B2-B8B8-46819C86BF61}.Debug|ARM.ActiveCfg = Debug|ARM
		{E8B33A90-EBF7-44B2-B8B8-46819C86BF61}.Debug|ARM.Build.0 = Debug|ARM
		{E8B33A90-EBF7-44B2-B8B8-46819C86BF61}.Debug|ARM.Deploy.0 = Debug|ARM
		{E8B33A90-EBF7-44B2-B8B8-46819C86BF61}.Debug|iPhone.ActiveCfg = Debug|Any CPU
		{E8B33A90-EBF7-44B2-B8B8-46819C86BF61}.Debug|iPhone.Build.0 = Debug|Any CPU
		{E8B33A90-EBF7-44B2-B8B8-46819C86BF61}.Debug|iPhone.Deploy.0 = Debug|Any CPU
		{E8B33A90-EBF7-44B2-B8B8-46819C86BF61}.Debug|iPhoneSimulator.ActiveCfg = Debug|Any CPU
		{E8B33A90-EBF7-44B2-B8B8-46819C86BF61}.Debug|iPhoneSimulator.Build.0 = Debug|Any CPU
		{E8B33A90-EBF7-44B2-B8B8-46819C86BF61}.Debug|iPhoneSimulator.Deploy.0 = Debug|Any CPU
		{E8B33A90-EBF7-44B2-B8B8-46819C86BF61}.Debug|x64.ActiveCfg = Debug|Any CPU
		{E8B33A90-EBF7-44B2-B8B8-46819C86BF61}.Debug|x64.Build.0 = Debug|Any CPU
		{E8B33A90-EBF7-44B2-B8B8-46819C86BF61}.Debug|x64.Deploy.0 = Debug|Any CPU
		{E8B33A90-EBF7-44B2-B8B8-46819C86BF61}.Debug|x86.ActiveCfg = Debug|x86
		{E8B33A90-EBF7-44B2-B8B8-46819C86BF61}.Debug|x86.Build.0 = Debug|x86
		{E8B33A90-EBF7-44B2-B8B8-46819C86BF61}.Debug|x86.Deploy.0 = Debug|x86
		{E8B33A90-EBF7-44B2-B8B8-46819C86BF61}.Release|Any CPU.ActiveCfg = Release|Any CPU
		{E8B33A90-EBF7-44B2-B8B8-46819C86BF61}.Release|Any CPU.Build.0 = Release|Any CPU
		{E8B33A90-EBF7-44B2-B8B8-46819C86BF61}.Release|Any CPU.Deploy.0 = Release|Any CPU
		{E8B33A90-EBF7-44B2-B8B8-46819C86BF61}.Release|ARM.ActiveCfg = Release|ARM
		{E8B33A90-EBF7-44B2-B8B8-46819C86BF61}.Release|ARM.Build.0 = Release|ARM
		{E8B33A90-EBF7-44B2-B8B8-46819C86BF61}.Release|ARM.Deploy.0 = Release|ARM
		{E8B33A90-EBF7-44B2-B8B8-46819C86BF61}.Release|iPhone.ActiveCfg = Release|Any CPU
		{E8B33A90-EBF7-44B2-B8B8-46819C86BF61}.Release|iPhone.Build.0 = Release|Any CPU
		{E8B33A90-EBF7-44B2-B8B8-46819C86BF61}.Release|iPhone.Deploy.0 = Release|Any CPU
		{E8B33A90-EBF7-44B2-B8B8-46819C86BF61}.Release|iPhoneSimulator.ActiveCfg = Release|Any CPU
		{E8B33A90-EBF7-44B2-B8B8-46819C86BF61}.Release|iPhoneSimulator.Build.0 = Release|Any CPU
		{E8B33A90-EBF7-44B2-B8B8-46819C86BF61}.Release|iPhoneSimulator.Deploy.0 = Release|Any CPU
		{E8B33A90-EBF7-44B2-B8B8-46819C86BF61}.Release|x64.ActiveCfg = Release|Any CPU
		{E8B33A90-EBF7-44B2-B8B8-46819C86BF61}.Release|x64.Build.0 = Release|Any CPU
		{E8B33A90-EBF7-44B2-B8B8-46819C86BF61}.Release|x64.Deploy.0 = Release|Any CPU
		{E8B33A90-EBF7-44B2-B8B8-46819C86BF61}.Release|x86.ActiveCfg = Release|x86
		{E8B33A90-EBF7-44B2-B8B8-46819C86BF61}.Release|x86.Build.0 = Release|x86
		{E8B33A90-EBF7-44B2-B8B8-46819C86BF61}.Release|x86.Deploy.0 = Release|x86
		{F28758CE-3531-4097-AA66-85557429B390}.Ad-Hoc|Any CPU.ActiveCfg = Release|x86
		{F28758CE-3531-4097-AA66-85557429B390}.Ad-Hoc|Any CPU.Build.0 = Release|x86
		{F28758CE-3531-4097-AA66-85557429B390}.Ad-Hoc|Any CPU.Deploy.0 = Release|x86
		{F28758CE-3531-4097-AA66-85557429B390}.Ad-Hoc|ARM.ActiveCfg = Release|ARM
		{F28758CE-3531-4097-AA66-85557429B390}.Ad-Hoc|ARM.Build.0 = Release|ARM
		{F28758CE-3531-4097-AA66-85557429B390}.Ad-Hoc|ARM.Deploy.0 = Release|ARM
		{F28758CE-3531-4097-AA66-85557429B390}.Ad-Hoc|iPhone.ActiveCfg = Release|x86
		{F28758CE-3531-4097-AA66-85557429B390}.Ad-Hoc|iPhone.Build.0 = Release|x86
		{F28758CE-3531-4097-AA66-85557429B390}.Ad-Hoc|iPhone.Deploy.0 = Release|x86
		{F28758CE-3531-4097-AA66-85557429B390}.Ad-Hoc|iPhoneSimulator.ActiveCfg = Release|x86
		{F28758CE-3531-4097-AA66-85557429B390}.Ad-Hoc|iPhoneSimulator.Build.0 = Release|x86
		{F28758CE-3531-4097-AA66-85557429B390}.Ad-Hoc|iPhoneSimulator.Deploy.0 = Release|x86
		{F28758CE-3531-4097-AA66-85557429B390}.Ad-Hoc|x64.ActiveCfg = Release|x64
		{F28758CE-3531-4097-AA66-85557429B390}.Ad-Hoc|x64.Build.0 = Release|x64
		{F28758CE-3531-4097-AA66-85557429B390}.Ad-Hoc|x64.Deploy.0 = Release|x64
		{F28758CE-3531-4097-AA66-85557429B390}.Ad-Hoc|x86.ActiveCfg = Release|x86
		{F28758CE-3531-4097-AA66-85557429B390}.Ad-Hoc|x86.Build.0 = Release|x86
		{F28758CE-3531-4097-AA66-85557429B390}.Ad-Hoc|x86.Deploy.0 = Release|x86
		{F28758CE-3531-4097-AA66-85557429B390}.AppStore|Any CPU.ActiveCfg = Release|x86
		{F28758CE-3531-4097-AA66-85557429B390}.AppStore|Any CPU.Build.0 = Release|x86
		{F28758CE-3531-4097-AA66-85557429B390}.AppStore|Any CPU.Deploy.0 = Release|x86
		{F28758CE-3531-4097-AA66-85557429B390}.AppStore|ARM.ActiveCfg = Release|ARM
		{F28758CE-3531-4097-AA66-85557429B390}.AppStore|ARM.Build.0 = Release|ARM
		{F28758CE-3531-4097-AA66-85557429B390}.AppStore|ARM.Deploy.0 = Release|ARM
		{F28758CE-3531-4097-AA66-85557429B390}.AppStore|iPhone.ActiveCfg = Release|x86
		{F28758CE-3531-4097-AA66-85557429B390}.AppStore|iPhone.Build.0 = Release|x86
		{F28758CE-3531-4097-AA66-85557429B390}.AppStore|iPhone.Deploy.0 = Release|x86
		{F28758CE-3531-4097-AA66-85557429B390}.AppStore|iPhoneSimulator.ActiveCfg = Release|x86
		{F28758CE-3531-4097-AA66-85557429B390}.AppStore|iPhoneSimulator.Build.0 = Release|x86
		{F28758CE-3531-4097-AA66-85557429B390}.AppStore|iPhoneSimulator.Deploy.0 = Release|x86
		{F28758CE-3531-4097-AA66-85557429B390}.AppStore|x64.ActiveCfg = Release|x64
		{F28758CE-3531-4097-AA66-85557429B390}.AppStore|x64.Build.0 = Release|x64
		{F28758CE-3531-4097-AA66-85557429B390}.AppStore|x64.Deploy.0 = Release|x64
		{F28758CE-3531-4097-AA66-85557429B390}.AppStore|x86.ActiveCfg = Release|x86
		{F28758CE-3531-4097-AA66-85557429B390}.AppStore|x86.Build.0 = Release|x86
		{F28758CE-3531-4097-AA66-85557429B390}.AppStore|x86.Deploy.0 = Release|x86
		{F28758CE-3531-4097-AA66-85557429B390}.Debug|Any CPU.ActiveCfg = Debug|x86
		{F28758CE-3531-4097-AA66-85557429B390}.Debug|ARM.ActiveCfg = Debug|ARM
		{F28758CE-3531-4097-AA66-85557429B390}.Debug|ARM.Build.0 = Debug|ARM
		{F28758CE-3531-4097-AA66-85557429B390}.Debug|ARM.Deploy.0 = Debug|ARM
		{F28758CE-3531-4097-AA66-85557429B390}.Debug|iPhone.ActiveCfg = Debug|x86
		{F28758CE-3531-4097-AA66-85557429B390}.Debug|iPhoneSimulator.ActiveCfg = Debug|x86
		{F28758CE-3531-4097-AA66-85557429B390}.Debug|x64.ActiveCfg = Debug|x64
		{F28758CE-3531-4097-AA66-85557429B390}.Debug|x64.Build.0 = Debug|x64
		{F28758CE-3531-4097-AA66-85557429B390}.Debug|x64.Deploy.0 = Debug|x64
		{F28758CE-3531-4097-AA66-85557429B390}.Debug|x86.ActiveCfg = Debug|x86
		{F28758CE-3531-4097-AA66-85557429B390}.Debug|x86.Build.0 = Debug|x86
		{F28758CE-3531-4097-AA66-85557429B390}.Debug|x86.Deploy.0 = Debug|x86
		{F28758CE-3531-4097-AA66-85557429B390}.Release|Any CPU.ActiveCfg = Release|x86
		{F28758CE-3531-4097-AA66-85557429B390}.Release|ARM.ActiveCfg = Release|ARM
		{F28758CE-3531-4097-AA66-85557429B390}.Release|ARM.Build.0 = Release|ARM
		{F28758CE-3531-4097-AA66-85557429B390}.Release|ARM.Deploy.0 = Release|ARM
		{F28758CE-3531-4097-AA66-85557429B390}.Release|iPhone.ActiveCfg = Release|x86
		{F28758CE-3531-4097-AA66-85557429B390}.Release|iPhoneSimulator.ActiveCfg = Release|x86
		{F28758CE-3531-4097-AA66-85557429B390}.Release|x64.ActiveCfg = Release|x64
		{F28758CE-3531-4097-AA66-85557429B390}.Release|x64.Build.0 = Release|x64
		{F28758CE-3531-4097-AA66-85557429B390}.Release|x64.Deploy.0 = Release|x64
		{F28758CE-3531-4097-AA66-85557429B390}.Release|x86.ActiveCfg = Release|x86
		{F28758CE-3531-4097-AA66-85557429B390}.Release|x86.Build.0 = Release|x86
		{F28758CE-3531-4097-AA66-85557429B390}.Release|x86.Deploy.0 = Release|x86
		{107D9062-9E71-4056-A4ED-92476F228293}.Ad-Hoc|Any CPU.ActiveCfg = Release|Any CPU
		{107D9062-9E71-4056-A4ED-92476F228293}.Ad-Hoc|Any CPU.Build.0 = Release|Any CPU
		{107D9062-9E71-4056-A4ED-92476F228293}.Ad-Hoc|Any CPU.Deploy.0 = Release|Any CPU
		{107D9062-9E71-4056-A4ED-92476F228293}.Ad-Hoc|ARM.ActiveCfg = Release|ARM
		{107D9062-9E71-4056-A4ED-92476F228293}.Ad-Hoc|ARM.Build.0 = Release|ARM
		{107D9062-9E71-4056-A4ED-92476F228293}.Ad-Hoc|ARM.Deploy.0 = Release|ARM
		{107D9062-9E71-4056-A4ED-92476F228293}.Ad-Hoc|iPhone.ActiveCfg = Release|Any CPU
		{107D9062-9E71-4056-A4ED-92476F228293}.Ad-Hoc|iPhone.Build.0 = Release|Any CPU
		{107D9062-9E71-4056-A4ED-92476F228293}.Ad-Hoc|iPhone.Deploy.0 = Release|Any CPU
		{107D9062-9E71-4056-A4ED-92476F228293}.Ad-Hoc|iPhoneSimulator.ActiveCfg = Release|Any CPU
		{107D9062-9E71-4056-A4ED-92476F228293}.Ad-Hoc|iPhoneSimulator.Build.0 = Release|Any CPU
		{107D9062-9E71-4056-A4ED-92476F228293}.Ad-Hoc|iPhoneSimulator.Deploy.0 = Release|Any CPU
		{107D9062-9E71-4056-A4ED-92476F228293}.Ad-Hoc|x64.ActiveCfg = Release|x64
		{107D9062-9E71-4056-A4ED-92476F228293}.Ad-Hoc|x64.Build.0 = Release|x64
		{107D9062-9E71-4056-A4ED-92476F228293}.Ad-Hoc|x64.Deploy.0 = Release|x64
		{107D9062-9E71-4056-A4ED-92476F228293}.Ad-Hoc|x86.ActiveCfg = Release|x86
		{107D9062-9E71-4056-A4ED-92476F228293}.Ad-Hoc|x86.Build.0 = Release|x86
		{107D9062-9E71-4056-A4ED-92476F228293}.Ad-Hoc|x86.Deploy.0 = Release|x86
		{107D9062-9E71-4056-A4ED-92476F228293}.AppStore|Any CPU.ActiveCfg = Release|Any CPU
		{107D9062-9E71-4056-A4ED-92476F228293}.AppStore|Any CPU.Build.0 = Release|Any CPU
		{107D9062-9E71-4056-A4ED-92476F228293}.AppStore|Any CPU.Deploy.0 = Release|Any CPU
		{107D9062-9E71-4056-A4ED-92476F228293}.AppStore|ARM.ActiveCfg = Release|ARM
		{107D9062-9E71-4056-A4ED-92476F228293}.AppStore|ARM.Build.0 = Release|ARM
		{107D9062-9E71-4056-A4ED-92476F228293}.AppStore|ARM.Deploy.0 = Release|ARM
		{107D9062-9E71-4056-A4ED-92476F228293}.AppStore|iPhone.ActiveCfg = Release|Any CPU
		{107D9062-9E71-4056-A4ED-92476F228293}.AppStore|iPhone.Build.0 = Release|Any CPU
		{107D9062-9E71-4056-A4ED-92476F228293}.AppStore|iPhone.Deploy.0 = Release|Any CPU
		{107D9062-9E71-4056-A4ED-92476F228293}.AppStore|iPhoneSimulator.ActiveCfg = Release|Any CPU
		{107D9062-9E71-4056-A4ED-92476F228293}.AppStore|iPhoneSimulator.Build.0 = Release|Any CPU
		{107D9062-9E71-4056-A4ED-92476F228293}.AppStore|iPhoneSimulator.Deploy.0 = Release|Any CPU
		{107D9062-9E71-4056-A4ED-92476F228293}.AppStore|x64.ActiveCfg = Release|x64
		{107D9062-9E71-4056-A4ED-92476F228293}.AppStore|x64.Build.0 = Release|x64
		{107D9062-9E71-4056-A4ED-92476F228293}.AppStore|x64.Deploy.0 = Release|x64
		{107D9062-9E71-4056-A4ED-92476F228293}.AppStore|x86.ActiveCfg = Release|x86
		{107D9062-9E71-4056-A4ED-92476F228293}.AppStore|x86.Build.0 = Release|x86
		{107D9062-9E71-4056-A4ED-92476F228293}.AppStore|x86.Deploy.0 = Release|x86
		{107D9062-9E71-4056-A4ED-92476F228293}.Debug|Any CPU.ActiveCfg = Debug|Any CPU
		{107D9062-9E71-4056-A4ED-92476F228293}.Debug|Any CPU.Build.0 = Debug|Any CPU
		{107D9062-9E71-4056-A4ED-92476F228293}.Debug|Any CPU.Deploy.0 = Debug|Any CPU
		{107D9062-9E71-4056-A4ED-92476F228293}.Debug|ARM.ActiveCfg = Debug|ARM
		{107D9062-9E71-4056-A4ED-92476F228293}.Debug|ARM.Build.0 = Debug|ARM
		{107D9062-9E71-4056-A4ED-92476F228293}.Debug|ARM.Deploy.0 = Debug|ARM
		{107D9062-9E71-4056-A4ED-92476F228293}.Debug|iPhone.ActiveCfg = Debug|Any CPU
		{107D9062-9E71-4056-A4ED-92476F228293}.Debug|iPhone.Build.0 = Debug|Any CPU
		{107D9062-9E71-4056-A4ED-92476F228293}.Debug|iPhone.Deploy.0 = Debug|Any CPU
		{107D9062-9E71-4056-A4ED-92476F228293}.Debug|iPhoneSimulator.ActiveCfg = Debug|Any CPU
		{107D9062-9E71-4056-A4ED-92476F228293}.Debug|iPhoneSimulator.Build.0 = Debug|Any CPU
		{107D9062-9E71-4056-A4ED-92476F228293}.Debug|iPhoneSimulator.Deploy.0 = Debug|Any CPU
		{107D9062-9E71-4056-A4ED-92476F228293}.Debug|x64.ActiveCfg = Debug|x64
		{107D9062-9E71-4056-A4ED-92476F228293}.Debug|x64.Build.0 = Debug|x64
		{107D9062-9E71-4056-A4ED-92476F228293}.Debug|x64.Deploy.0 = Debug|x64
		{107D9062-9E71-4056-A4ED-92476F228293}.Debug|x86.ActiveCfg = Debug|x86
		{107D9062-9E71-4056-A4ED-92476F228293}.Debug|x86.Build.0 = Debug|x86
		{107D9062-9E71-4056-A4ED-92476F228293}.Debug|x86.Deploy.0 = Debug|x86
		{107D9062-9E71-4056-A4ED-92476F228293}.Release|Any CPU.ActiveCfg = Release|Any CPU
		{107D9062-9E71-4056-A4ED-92476F228293}.Release|Any CPU.Build.0 = Release|Any CPU
		{107D9062-9E71-4056-A4ED-92476F228293}.Release|Any CPU.Deploy.0 = Release|Any CPU
		{107D9062-9E71-4056-A4ED-92476F228293}.Release|ARM.ActiveCfg = Release|ARM
		{107D9062-9E71-4056-A4ED-92476F228293}.Release|ARM.Build.0 = Release|ARM
		{107D9062-9E71-4056-A4ED-92476F228293}.Release|ARM.Deploy.0 = Release|ARM
		{107D9062-9E71-4056-A4ED-92476F228293}.Release|iPhone.ActiveCfg = Release|Any CPU
		{107D9062-9E71-4056-A4ED-92476F228293}.Release|iPhone.Build.0 = Release|Any CPU
		{107D9062-9E71-4056-A4ED-92476F228293}.Release|iPhone.Deploy.0 = Release|Any CPU
		{107D9062-9E71-4056-A4ED-92476F228293}.Release|iPhoneSimulator.ActiveCfg = Release|Any CPU
		{107D9062-9E71-4056-A4ED-92476F228293}.Release|iPhoneSimulator.Build.0 = Release|Any CPU
		{107D9062-9E71-4056-A4ED-92476F228293}.Release|iPhoneSimulator.Deploy.0 = Release|Any CPU
		{107D9062-9E71-4056-A4ED-92476F228293}.Release|x64.ActiveCfg = Release|x64
		{107D9062-9E71-4056-A4ED-92476F228293}.Release|x64.Build.0 = Release|x64
		{107D9062-9E71-4056-A4ED-92476F228293}.Release|x64.Deploy.0 = Release|x64
		{107D9062-9E71-4056-A4ED-92476F228293}.Release|x86.ActiveCfg = Release|x86
		{107D9062-9E71-4056-A4ED-92476F228293}.Release|x86.Build.0 = Release|x86
		{107D9062-9E71-4056-A4ED-92476F228293}.Release|x86.Deploy.0 = Release|x86
	EndGlobalSection
	GlobalSection(SolutionProperties) = preSolution
		HideSolutionNode = FALSE
	EndGlobalSection
EndGlobal
